{
  "name": "repro-turbopack-dedup",
  "version": "1.0.0",
  "lockfileVersion": 3,
  "requires": true,
  "packages": {
    "": {
      "name": "repro-turbopack-dedup",
      "version": "1.0.0"
    },
    "packages/app": {
      "version": "1.0.0",
      "extraneous": true,
      "dependencies": {
        "@apollo/client": "^4.0.10",
        "next": "^15.0.0",
        "react": "^19.0.0",
        "react-dom": "^19.0.0",
        "shared-package": "file:../shared-package"
      },
      "devDependencies": {
        "@types/node": "^20.0.0",
        "@types/react": "^19.0.0",
        "@types/react-dom": "^19.0.0",
        "typescript": "^5.0.0"
      }
    },
    "packages/shared-package": {
      "version": "1.0.0",
      "extraneous": true,
      "devDependencies": {
        "@apollo/client": "^4.0.10",
        "@types/react": "^19.0.0",
        "react": "^19.0.0",
        "react-dom": "^19.0.0",
        "typescript": "^5.0.0"
      },
      "peerDependencies": {
        "@apollo/client": "^4.0.10",
        "react": "^19.0.0",
        "react-dom": "^19.0.0"
      }
    }
  }
}
